
Microsoft Visual Studio Solution File, Format Version 12.00
Project("{FAE04EC0-301F-11D3-BF4B-00C04F79EFBC}") = "EduHub", "EduHub\EduHub.csproj", "{B7BEA8B0-2332-4D9B-8A65-B2A0A86FCA58}"
EndProject
Project("{FAE04EC0-301F-11D3-BF4B-00C04F79EFBC}") = "DataLayer", "DataLayer\DataLayer.csproj", "{27B8BF71-4544-49CC-BE6C-3997212C1EE8}"
EndProject
Global
	GlobalSection(SolutionConfigurationPlatforms) = preSolution
		Debug|Any CPU = Debug|Any CPU
		Release|Any CPU = Release|Any CPU
	EndGlobalSection
	GlobalSection(ProjectConfigurationPlatforms) = postSolution
		{B7BEA8B0-2332-4D9B-8A65-B2A0A86FCA58}.Debug|Any CPU.ActiveCfg = Debug|Any CPU
		{B7BEA8B0-2332-4D9B-8A65-B2A0A86FCA58}.Debug|Any CPU.Build.0 = Debug|Any CPU
		{B7BEA8B0-2332-4D9B-8A65-B2A0A86FCA58}.Release|Any CPU.ActiveCfg = Release|Any CPU
		{B7BEA8B0-2332-4D9B-8A65-B2A0A86FCA58}.Release|Any CPU.Build.0 = Release|Any CPU
		{27B8BF71-4544-49CC-BE6C-3997212C1EE8}.Debug|Any CPU.ActiveCfg = Debug|Any CPU
		{27B8BF71-4544-49CC-BE6C-3997212C1EE8}.Debug|Any CPU.Build.0 = Debug|Any CPU
		{27B8BF71-4544-49CC-BE6C-3997212C1EE8}.Release|Any CPU.ActiveCfg = Release|Any CPU
		{27B8BF71-4544-49CC-BE6C-3997212C1EE8}.Release|Any CPU.Build.0 = Release|Any CPU
	EndGlobalSection
EndGlobal
